
Microsoft Visual Studio Solution File, Format Version 12.00
# Visual Studio Version 16
VisualStudioVersion = 16.0.30225.117
MinimumVisualStudioVersion = 10.0.40219.1
Project("{FAE04EC0-301F-11D3-BF4B-00C04F79EFBC}") = "GroupC", "GroupC\GroupC.csproj", "{9C0768F3-D73C-47D9-8546-304444DA3B18}"
EndProject
Global
	GlobalSection(SolutionConfigurationPlatforms) = preSolution
		Debug|Any CPU = Debug|Any CPU
		Release|Any CPU = Release|Any CPU
	EndGlobalSection
	GlobalSection(ProjectConfigurationPlatforms) = postSolution
		{9C0768F3-D73C-47D9-8546-304444DA3B18}.Debug|Any CPU.ActiveCfg = Debug|Any CPU
		{9C0768F3-D73C-47D9-8546-304444DA3B18}.Debug|Any CPU.Build.0 = Debug|Any CPU
		{9C0768F3-D73C-47D9-8546-304444DA3B18}.Release|Any CPU.ActiveCfg = Release|Any CPU
		{9C0768F3-D73C-47D9-8546-304444DA3B18}.Release|Any CPU.Build.0 = Release|Any CPU
	EndGlobalSection
	GlobalSection(SolutionProperties) = preSolution
		HideSolutionNode = FALSE
	EndGlobalSection
	GlobalSection(ExtensibilityGlobals) = postSolution
		SolutionGuid = {1C72E143-EC47-494E-898A-6F7208E5103E}
	EndGlobalSection
EndGlobal
